
Microsoft Visual Studio Solution File, Format Version 12.00
# Visual Studio 15
VisualStudioVersion = 15.0.28010.2041
MinimumVisualStudioVersion = 10.0.40219.1
Project("{FAE04EC0-301F-11D3-BF4B-00C04F79EFBC}") = "DiarioPolitico", "DiarioPolitico\DiarioPolitico.csproj", "{D1352F4C-0CB0-41FF-B730-0AA923EF9AB0}"
EndProject
Global
	GlobalSection(SolutionConfigurationPlatforms) = preSolution
		Debug|Any CPU = Debug|Any CPU
		Release|Any CPU = Release|Any CPU
	EndGlobalSection
	GlobalSection(ProjectConfigurationPlatforms) = postSolution
		{D1352F4C-0CB0-41FF-B730-0AA923EF9AB0}.Debug|Any CPU.ActiveCfg = Debug|Any CPU
		{D1352F4C-0CB0-41FF-B730-0AA923EF9AB0}.Debug|Any CPU.Build.0 = Debug|Any CPU
		{D1352F4C-0CB0-41FF-B730-0AA923EF9AB0}.Release|Any CPU.ActiveCfg = Release|Any CPU
		{D1352F4C-0CB0-41FF-B730-0AA923EF9AB0}.Release|Any CPU.Build.0 = Release|Any CPU
	EndGlobalSection
	GlobalSection(SolutionProperties) = preSolution
		HideSolutionNode = FALSE
	EndGlobalSection
	GlobalSection(ExtensibilityGlobals) = postSolution
		SolutionGuid = {AD1530A8-3032-414E-9D32-47FDFA110D44}
	EndGlobalSection
EndGlobal
